// !$*UTF8*$!
{
	archiveVersion = 1;
	classes = {
	};
	objectVersion = 77;
	objects = {

/* Begin PBXContainerItemProxy section */
		A3DA6D0B2EDB9AF7005A587E /* PBXContainerItemProxy */ = {
			isa = PBXContainerItemProxy;
			containerPortal = A3DA6CF32EDB9AF5005A587E /* Project object */;
			proxyType = 1;
			remoteGlobalIDString = A3DA6CFA2EDB9AF5005A587E;
			remoteInfo = "Calenda Notes";
		};
		A3DA6D152EDB9AF7005A587E /* PBXContainerItemProxy */ = {
			isa = PBXContainerItemProxy;
			containerPortal = A3DA6CF32EDB9AF5005A587E /* Project object */;
			proxyType = 1;
			remoteGlobalIDString = A3DA6CFA2EDB9AF5005A587E;
			remoteInfo = "Calenda Notes";
		};
/* End PBXContainerItemProxy section */

/* Begin PBXFileReference section */
		A3DA6CFB2EDB9AF5005A587E /* Calenda Notes.app */ = {isa = PBXFileReference; explicitFileType = wrapper.application; includeInIndex = 0; path = "Calenda Notes.app"; sourceTree = BUILT_PRODUCTS_DIR; };
		A3DA6D0A2EDB9AF7005A587E /* Calenda NotesTests.xctest */ = {isa = PBXFileReference; explicitFileType = wrapper.cfbundle; includeInIndex = 0; path = "Calenda NotesTests.xctest"; sourceTree = BUILT_PRODUCTS_DIR; };
		A3DA6D142EDB9AF7005A587E /* Calenda NotesUITests.xctest */ = {isa = PBXFileReference; explicitFileType = wrapper.cfbundle; includeInIndex = 0; path = "Calenda NotesUITests.xctest"; sourceTree = BUILT_PRODUCTS_DIR; };
/* End PBXFileReference section */

/* Begin PBXFileSystemSynchronizedRootGroup section */
		A3DA6CFD2EDB9AF5005A587E /* Calenda Notes */ = {
			isa = PBXFileSystemSynchronizedRootGroup;
			path = "Calenda Notes";
			sourceTree = "<group>";
		};
		A3DA6D0D2EDB9AF7005A587E /* Calenda NotesTests */ = {
			isa = PBXFileSystemSynchronizedRootGroup;
			path = "Calenda NotesTests";
			sourceTree = "<group>";
		};
		A3DA6D172EDB9AF7005A587E /* Calenda NotesUITests */ = {
			isa = PBXFileSystemSynchronizedRootGroup;
			path = "Calenda NotesUITests";
			sourceTree = "<group>";
		};
/* End PBXFileSystemSynchronizedRootGroup section */

/* Begin PBXFrameworksBuildPhase section */
		A3DA6CF82EDB9AF5005A587E /* Frameworks */ = {
			isa = PBXFrameworksBuildPhase;
			buildActionMask = 2147483647;
			files = (
			);
			runOnlyForDeploymentPostprocessing = 0;
		};
		A3DA6D072EDB9AF7005A587E /* Frameworks */ = {
			isa = PBXFrameworksBuildPhase;
			buildActionMask = 2147483647;
			files = (
			);
			runOnlyForDeploymentPostprocessing = 0;
		};
		A3DA6D112EDB9AF7005A587E /* Frameworks */ = {
			isa = PBXFrameworksBuildPhase;
			buildActionMask = 2147483647;
			files = (
			);
			runOnlyForDeploymentPostprocessing = 0;
		};
/* End PBXFrameworksBuildPhase section */

/* Begin PBXGroup section */
		A3DA6CF22EDB9AF5005A587E = {
			isa = PBXGroup;
			children = (
				A3DA6CFD2EDB9AF5005A587E /* Calenda Notes */,
				A3DA6D0D2EDB9AF7005A587E /* Calenda NotesTests */,
				A3DA6D172EDB9AF7005A587E /* Calenda NotesUITests */,
				A3DA6CFC2EDB9AF5005A587E /* Products */,
			);
			sourceTree = "<group>";
		};
		A3DA6CFC2EDB9AF5005A587E /* Products */ = {
			isa = PBXGroup;
			children = (
				A3DA6CFB2EDB9AF5005A587E /* Calenda Notes.app */,
				A3DA6D0A2EDB9AF7005A587E /* Calenda NotesTests.xctest */,
				A3DA6D142EDB9AF7005A587E /* Calenda NotesUITests.xctest */,
			);
			name = Products;
			sourceTree = "<group>";
		};
/* End PBXGroup section */

/* Begin PBXNativeTarget section */
		A3DA6CFA2EDB9AF5005A587E /* Calenda Notes */ = {
			isa = PBXNativeTarget;
			buildConfigurationList = A3DA6D1E2EDB9AF7005A587E /* Build configuration list for PBXNativeTarget "Calenda Notes" */;
			buildPhases = (
				A3DA6CF72EDB9AF5005A587E /* Sources */,
				A3DA6CF82EDB9AF5005A587E /* Frameworks */,
				A3DA6CF92EDB9AF5005A587E /* Resources */,
			);
			buildRules = (
			);
			dependencies = (
			);
			fileSystemSynchronizedGroups = (
				A3DA6CFD2EDB9AF5005A587E /* Calenda Notes */,
			);
			name = "Calenda Notes";
			packageProductDependencies = (
			);
			productName = "Calenda Notes";
			productReference = A3DA6CFB2EDB9AF5005A587E /* Calenda Notes.app */;
			productType = "com.apple.product-type.application";
		};
		A3DA6D092EDB9AF7005A587E /* Calenda NotesTests */ = {
			isa = PBXNativeTarget;
			buildConfigurationList = A3DA6D212EDB9AF7005A587E /* Build configuration list for PBXNativeTarget "Calenda NotesTests" */;
			buildPhases = (
				A3DA6D062EDB9AF7005A587E /* Sources */,
				A3DA6D072EDB9AF7005A587E /* Frameworks */,
				A3DA6D082EDB9AF7005A587E /* Resources */,
			);
			buildRules = (
			);
			dependencies = (
				A3DA6D0C2EDB9AF7005A587E /* PBXTargetDependency */,
			);
			fileSystemSynchronizedGroups = (
				A3DA6D0D2EDB9AF7005A587E /* Calenda NotesTests */,
			);
			name = "Calenda NotesTests";
			packageProductDependencies = (
			);
			productName = "Calenda NotesTests";
			productReference = A3DA6D0A2EDB9AF7005A587E /* Calenda NotesTests.xctest */;
			productType = "com.apple.product-type.bundle.unit-test";
		};
		A3DA6D132EDB9AF7005A587E /* Calenda NotesUITests */ = {
			isa = PBXNativeTarget;
			buildConfigurationList = A3DA6D242EDB9AF7005A587E /* Build configuration list for PBXNativeTarget "Calenda NotesUITests" */;
			buildPhases = (
				A3DA6D102EDB9AF7005A587E /* Sources */,
				A3DA6D112EDB9AF7005A587E /* Frameworks */,
				A3DA6D122EDB9AF7005A587E /* Resources */,
			);
			buildRules = (
			);
			dependencies = (
				A3DA6D162EDB9AF7005A587E /* PBXTargetDependency */,
			);
			fileSystemSynchronizedGroups = (
				A3DA6D172EDB9AF7005A587E /* Calenda NotesUITests */,
			);
			name = "Calenda NotesUITests";
			packageProductDependencies = (
			);
			productName = "Calenda NotesUITests";
			productReference = A3DA6D142EDB9AF7005A587E /* Calenda NotesUITests.xctest */;
			productType = "com.apple.product-type.bundle.ui-testing";
		};
/* End PBXNativeTarget section */

/* Begin PBXProject section */
		A3DA6CF32EDB9AF5005A587E /* Project object */ = {
			isa = PBXProject;
			attributes = {
				BuildIndependentTargetsInParallel = 1;
				LastSwiftUpdateCheck = 2600;
				LastUpgradeCheck = 2600;
				TargetAttributes = {
					A3DA6CFA2EDB9AF5005A587E = {
						CreatedOnToolsVersion = 26.0;
					};
					A3DA6D092EDB9AF7005A587E = {
						CreatedOnToolsVersion = 26.0;
						TestTargetID = A3DA6CFA2EDB9AF5005A587E;
					};
					A3DA6D132EDB9AF7005A587E = {
						CreatedOnToolsVersion = 26.0;
						TestTargetID = A3DA6CFA2EDB9AF5005A587E;
					};
				};
			};
			buildConfigurationList = A3DA6CF62EDB9AF5005A587E /* Build configuration list for PBXProject "Calenda Notes" */;
			developmentRegion = en;
			hasScannedForEncodings = 0;
			knownRegions = (
				en,
				Base,
			);
			mainGroup = A3DA6CF22EDB9AF5005A587E;
			minimizedProjectReferenceProxies = 1;
			preferredProjectObjectVersion = 77;
			productRefGroup = A3DA6CFC2EDB9AF5005A587E /* Products */;
			projectDirPath = "";
			projectRoot = "";
			targets = (
				A3DA6CFA2EDB9AF5005A587E /* Calenda Notes */,
				A3DA6D092EDB9AF7005A587E /* Calenda NotesTests */,
				A3DA6D132EDB9AF7005A587E /* Calenda NotesUITests */,
			);
		};
/* End PBXProject section */

/* Begin PBXResourcesBuildPhase section */
		A3DA6CF92EDB9AF5005A587E /* Resources */ = {
			isa = PBXResourcesBuildPhase;
			buildActionMask = 2147483647;
			files = (
			);
			runOnlyForDeploymentPostprocessing = 0;
		};
		A3DA6D082EDB9AF7005A587E /* Resources */ = {
			isa = PBXResourcesBuildPhase;
			buildActionMask = 2147483647;
			files = (
			);
			runOnlyForDeploymentPostprocessing = 0;
		};
		A3DA6D122EDB9AF7005A587E /* Resources */ = {
			isa = PBXResourcesBuildPhase;
			buildActionMask = 2147483647;
			files = (
			);
			runOnlyForDeploymentPostprocessing = 0;
		};
/* End PBXResourcesBuildPhase section */

/* Begin PBXSourcesBuildPhase section */
		A3DA6CF72EDB9AF5005A587E /* Sources */ = {
			isa = PBXSourcesBuildPhase;
			buildActionMask = 2147483647;
			files = (
			);
			runOnlyForDeploymentPostprocessing = 0;
		};
		A3DA6D062EDB9AF7005A587E /* Sources */ = {
			isa = PBXSourcesBuildPhase;
			buildActionMask = 2147483647;
			files = (
			);
			runOnlyForDeploymentPostprocessing = 0;
		};
		A3DA6D102EDB9AF7005A587E /* Sources */ = {
			isa = PBXSourcesBuildPhase;
			buildActionMask = 2147483647;
			files = (
			);
			runOnlyForDeploymentPostprocessing = 0;
		};
/* End PBXSourcesBuildPhase section */

/* Begin PBXTargetDependency section */
		A3DA6D0C2EDB9AF7005A587E /* PBXTargetDependency */ = {
			isa = PBXTargetDependency;
			target = A3DA6CFA2EDB9AF5005A587E /* Calenda Notes */;
			targetProxy = A3DA6D0B2EDB9AF7005A587E /* PBXContainerItemProxy */;
		};
		A3DA6D162EDB9AF7005A587E /* PBXTargetDependency */ = {
			isa = PBXTargetDependency;
			target = A3DA6CFA2EDB9AF5005A587E /* Calenda Notes */;
			targetProxy = A3DA6D152EDB9AF7005A587E /* PBXContainerItemProxy */;
		};
/* End PBXTargetDependency section */

/* Begin XCBuildConfiguration section */
		A3DA6D1C2EDB9AF7005A587E /* Debug */ = {
			isa = XCBuildConfiguration;
			buildSettings = {
				ALWAYS_SEARCH_USER_PATHS = NO;
				ASSETCATALOG_COMPILER_GENERATE_SWIFT_ASSET_SYMBOL_EXTENSIONS = YES;
				CLANG_ANALYZER_NONNULL = YES;
				CLANG_ANALYZER_NUMBER_OBJECT_CONVERSION = YES_AGGRESSIVE;
				CLANG_CXX_LANGUAGE_STANDARD = "gnu++20";
				CLANG_ENABLE_MODULES = YES;
				CLANG_ENABLE_OBJC_ARC = YES;
				CLANG_ENABLE_OBJC_WEAK = YES;
				CLANG_WARN_BLOCK_CAPTURE_AUTORELEASING = YES;
				CLANG_WARN_BOOL_CONVERSION = YES;
				CLANG_WARN_COMMA = YES;
				CLANG_WARN_CONSTANT_CONVERSION = YES;
				CLANG_WARN_DEPRECATED_OBJC_IMPLEMENTATIONS = YES;
				CLANG_WARN_DIRECT_OBJC_ISA_USAGE = YES_ERROR;
				CLANG_WARN_DOCUMENTATION_COMMENTS = YES;
				CLANG_WARN_EMPTY_BODY = YES;
				CLANG_WARN_ENUM_CONVERSION = YES;
				CLANG_WARN_INFINITE_RECURSION = YES;
				CLANG_WARN_INT_CONVERSION = YES;
				CLANG_WARN_NON_LITERAL_NULL_CONVERSION = YES;
				CLANG_WARN_OBJC_IMPLICIT_RETAIN_SELF = YES;
				CLANG_WARN_OBJC_LITERAL_CONVERSION = YES;
				CLANG_WARN_OBJC_ROOT_CLASS = YES_ERROR;
				CLANG_WARN_QUOTED_INCLUDE_IN_FRAMEWORK_HEADER = YES;
				CLANG_WARN_RANGE_LOOP_ANALYSIS = YES;
				CLANG_WARN_STRICT_PROTOTYPES = YES;
				CLANG_WARN_SUSPICIOUS_MOVE = YES;
				CLANG_WARN_UNGUARDED_AVAILABILITY = YES_AGGRESSIVE;
				CLANG_WARN_UNREACHABLE_CODE = YES;
				CLANG_WARN__DUPLICATE_METHOD_MATCH = YES;
				COPY_PHASE_STRIP = NO;
				DEBUG_INFORMATION_FORMAT = dwarf;
				DEVELOPMENT_TEAM = X7BUD5GD8P;
				ENABLE_STRICT_OBJC_MSGSEND = YES;
				ENABLE_TESTABILITY = YES;
				ENABLE_USER_SCRIPT_SANDBOXING = YES;
				GCC_C_LANGUAGE_STANDARD = gnu17;
				GCC_DYNAMIC_NO_PIC = NO;
				GCC_NO_COMMON_BLOCKS = YES;
				GCC_OPTIMIZATION_LEVEL = 0;
				GCC_PREPROCESSOR_DEFINITIONS = (
					"DEBUG=1",
					"$(inherited)",
				);
				GCC_WARN_64_TO_32_BIT_CONVERSION = YES;
				GCC_WARN_ABOUT_RETURN_TYPE = YES_ERROR;
				GCC_WARN_UNDECLARED_SELECTOR = YES;
				GCC_WARN_UNINITIALIZED_AUTOS = YES_AGGRESSIVE;
				GCC_WARN_UNUSED_FUNCTION = YES;
				GCC_WARN_UNUSED_VARIABLE = YES;
				IPHONEOS_DEPLOYMENT_TARGET = 26.0;
				LOCALIZATION_PREFERS_STRING_CATALOGS = YES;
				MTL_ENABLE_DEBUG_INFO = INCLUDE_SOURCE;
				MTL_FAST_MATH = YES;
				ONLY_ACTIVE_ARCH = YES;
				SDKROOT = iphoneos;
				SWIFT_ACTIVE_COMPILATION_CONDITIONS = "DEBUG $(inherited)";
				SWIFT_OPTIMIZATION_LEVEL = "-Onone";
			};
			name = Debug;
		};
		A3DA6D1D2EDB9AF7005A587E /* Release */ = {
			isa = XCBuildConfiguration;
			buildSettings = {
				ALWAYS_SEARCH_USER_PATHS = NO;
				ASSETCATALOG_COMPILER_GENERATE_SWIFT_ASSET_SYMBOL_EXTENSIONS = YES;
				CLANG_ANALYZER_NONNULL = YES;
				CLANG_ANALYZER_NUMBER_OBJECT_CONVERSION = YES_AGGRESSIVE;
				CLANG_CXX_LANGUAGE_STANDARD = "gnu++20";
				CLANG_ENABLE_MODULES = YES;
				CLANG_ENABLE_OBJC_ARC = YES;
				CLANG_ENABLE_OBJC_WEAK = YES;
				CLANG_WARN_BLOCK_CAPTURE_AUTORELEASING = YES;
				CLANG_WARN_BOOL_CONVERSION = YES;
				CLANG_WARN_COMMA = YES;
				CLANG_WARN_CONSTANT_CONVERSION = YES;
				CLANG_WARN_DEPRECATED_OBJC_IMPLEMENTATIONS = YES;
				CLANG_WARN_DIRECT_OBJC_ISA_USAGE = YES_ERROR;
				CLANG_WARN_DOCUMENTATION_COMMENTS = YES;
				CLANG_WARN_EMPTY_BODY = YES;
				CLANG_WARN_ENUM_CONVERSION = YES;
				CLANG_WARN_INFINITE_RECURSION = YES;
				CLANG_WARN_INT_CONVERSION = YES;
				CLANG_WARN_NON_LITERAL_NULL_CONVERSION = YES;
				CLANG_WARN_OBJC_IMPLICIT_RETAIN_SELF = YES;
				CLANG_WARN_OBJC_LITERAL_CONVERSION = YES;
				CLANG_WARN_OBJC_ROOT_CLASS = YES_ERROR;
				CLANG_WARN_QUOTED_INCLUDE_IN_FRAMEWORK_HEADER = YES;
				CLANG_WARN_RANGE_LOOP_ANALYSIS = YES;
				CLANG_WARN_STRICT_PROTOTYPES = YES;
				CLANG_WARN_SUSPICIOUS_MOVE = YES;
				CLANG_WARN_UNGUARDED_AVAILABILITY = YES_AGGRESSIVE;
				CLANG_WARN_UNREACHABLE_CODE = YES;
				CLANG_WARN__DUPLICATE_METHOD_MATCH = YES;
				COPY_PHASE_STRIP = NO;
				DEBUG_INFORMATION_FORMAT = "dwarf-with-dsym";
				DEVELOPMENT_TEAM = X7BUD5GD8P;
				ENABLE_NS_ASSERTIONS = NO;
				ENABLE_STRICT_OBJC_MSGSEND = YES;
				ENABLE_USER_SCRIPT_SANDBOXING = YES;
				GCC_C_LANGUAGE_STANDARD = gnu17;
				GCC_NO_COMMON_BLOCKS = YES;
				GCC_WARN_64_TO_32_BIT_CONVERSION = YES;
				GCC_WARN_ABOUT_RETURN_TYPE = YES_ERROR;
				GCC_WARN_UNDECLARED_SELECTOR = YES;
				GCC_WARN_UNINITIALIZED_AUTOS = YES_AGGRESSIVE;
				GCC_WARN_UNUSED_FUNCTION = YES;
				GCC_WARN_UNUSED_VARIABLE = YES;
				IPHONEOS_DEPLOYMENT_TARGET = 26.0;
				LOCALIZATION_PREFERS_STRING_CATALOGS = YES;
				MTL_ENABLE_DEBUG_INFO = NO;
				MTL_FAST_MATH = YES;
				SDKROOT = iphoneos;
				SWIFT_COMPILATION_MODE = wholemodule;
				VALIDATE_PRODUCT = YES;
			};
			name = Release;
		};
		A3DA6D1F2EDB9AF7005A587E /* Debug */ = {
			isa = XCBuildConfiguration;
			buildSettings = {
				ASSETCATALOG_COMPILER_APPICON_NAME = AppIcon;
				ASSETCATALOG_COMPILER_GLOBAL_ACCENT_COLOR_NAME = AccentColor;
				CODE_SIGN_STYLE = Automatic;
				CURRENT_PROJECT_VERSION = 1;
				DEVELOPMENT_TEAM = X7BUD5GD8P;
				ENABLE_PREVIEWS = YES;
				GENERATE_INFOPLIST_FILE = YES;
				INFOPLIST_KEY_UIApplicationSceneManifest_Generation = YES;
				INFOPLIST_KEY_UIApplicationSupportsIndirectInputEvents = YES;
				INFOPLIST_KEY_UILaunchScreen_Generation = YES;
				INFOPLIST_KEY_UISupportedInterfaceOrientations_iPad = "UIInterfaceOrientationPortrait UIInterfaceOrientationPortraitUpsideDown UIInterfaceOrientationLandscapeLeft UIInterfaceOrientationLandscapeRight";
				INFOPLIST_KEY_UISupportedInterfaceOrientations_iPhone = "UIInterfaceOrientationPortrait UIInterfaceOrientationLandscapeLeft UIInterfaceOrientationLandscapeRight";
				LD_RUNPATH_SEARCH_PATHS = (
					"$(inherited)",
					"@executable_path/Frameworks",
				);
				MARKETING_VERSION = 1.0;
				PRODUCT_BUNDLE_IDENTIFIER = "ekodev.Calenda-Notes";
				PRODUCT_NAME = "$(TARGET_NAME)";
				STRING_CATALOG_GENERATE_SYMBOLS = YES;
				SWIFT_APPROACHABLE_CONCURRENCY = YES;
				SWIFT_DEFAULT_ACTOR_ISOLATION = MainActor;
				SWIFT_EMIT_LOC_STRINGS = YES;
				SWIFT_UPCOMING_FEATURE_MEMBER_IMPORT_VISIBILITY = YES;
				SWIFT_VERSION = 5.0;
				TARGETED_DEVICE_FAMILY = "1,2";
			};
			name = Debug;
		};
		A3DA6D202EDB9AF7005A587E /* Release */ = {
			isa = XCBuildConfiguration;
			buildSettings = {
				ASSETCATALOG_COMPILER_APPICON_NAME = AppIcon;
				ASSETCATALOG_COMPILER_GLOBAL_ACCENT_COLOR_NAME = AccentColor;
				CODE_SIGN_STYLE = Automatic;
				CURRENT_PROJECT_VERSION = 1;
				DEVELOPMENT_TEAM = X7BUD5GD8P;
				ENABLE_PREVIEWS = YES;
				GENERATE_INFOPLIST_FILE = YES;
				INFOPLIST_KEY_UIApplicationSceneManifest_Generation = YES;
				INFOPLIST_KEY_UIApplicationSupportsIndirectInputEvents = YES;
				INFOPLIST_KEY_UILaunchScreen_Generation = YES;
				INFOPLIST_KEY_UISupportedInterfaceOrientations_iPad = "UIInterfaceOrientationPortrait UIInterfaceOrientationPortraitUpsideDown UIInterfaceOrientationLandscapeLeft UIInterfaceOrientationLandscapeRight";
				INFOPLIST_KEY_UISupportedInterfaceOrientations_iPhone = "UIInterfaceOrientationPortrait UIInterfaceOrientationLandscapeLeft UIInterfaceOrientationLandscapeRight";
				LD_RUNPATH_SEARCH_PATHS = (
					"$(inherited)",
					"@executable_path/Frameworks",
				);
				MARKETING_VERSION = 1.0;
				PRODUCT_BUNDLE_IDENTIFIER = "ekodev.Calenda-Notes";
				PRODUCT_NAME = "$(TARGET_NAME)";
				STRING_CATALOG_GENERATE_SYMBOLS = YES;
				SWIFT_APPROACHABLE_CONCURRENCY = YES;
				SWIFT_DEFAULT_ACTOR_ISOLATION = MainActor;
				SWIFT_EMIT_LOC_STRINGS = YES;
				SWIFT_UPCOMING_FEATURE_MEMBER_IMPORT_VISIBILITY = YES;
				SWIFT_VERSION = 5.0;
				TARGETED_DEVICE_FAMILY = "1,2";
			};
			name = Release;
		};
		A3DA6D222EDB9AF7005A587E /* Debug */ = {
			isa = XCBuildConfiguration;
			buildSettings = {
				BUNDLE_LOADER = "$(TEST_HOST)";
				CODE_SIGN_STYLE = Automatic;
				CURRENT_PROJECT_VERSION = 1;
				DEVELOPMENT_TEAM = X7BUD5GD8P;
				GENERATE_INFOPLIST_FILE = YES;
				IPHONEOS_DEPLOYMENT_TARGET = 26.0;
				MARKETING_VERSION = 1.0;
				PRODUCT_BUNDLE_IDENTIFIER = "ekodev.Calenda-NotesTests";
				PRODUCT_NAME = "$(TARGET_NAME)";
				STRING_CATALOG_GENERATE_SYMBOLS = NO;
				SWIFT_APPROACHABLE_CONCURRENCY = YES;
				SWIFT_EMIT_LOC_STRINGS = NO;
				SWIFT_UPCOMING_FEATURE_MEMBER_IMPORT_VISIBILITY = YES;
				SWIFT_VERSION = 5.0;
				TARGETED_DEVICE_FAMILY = "1,2";
				TEST_HOST = "$(BUILT_PRODUCTS_DIR)/Calenda Notes.app/$(BUNDLE_EXECUTABLE_FOLDER_PATH)/Calenda Notes";
			};
			name = Debug;
		};
		A3DA6D232EDB9AF7005A587E /* Release */ = {
			isa = XCBuildConfiguration;
			buildSettings = {
				BUNDLE_LOADER = "$(TEST_HOST)";
				CODE_SIGN_STYLE = Automatic;
				CURRENT_PROJECT_VERSION = 1;
				DEVELOPMENT_TEAM = X7BUD5GD8P;
				GENERATE_INFOPLIST_FILE = YES;
				IPHONEOS_DEPLOYMENT_TARGET = 26.0;
				MARKETING_VERSION = 1.0;
				PRODUCT_BUNDLE_IDENTIFIER = "ekodev.Calenda-NotesTests";
				PRODUCT_NAME = "$(TARGET_NAME)";
				STRING_CATALOG_GENERATE_SYMBOLS = NO;
				SWIFT_APPROACHABLE_CONCURRENCY = YES;
				SWIFT_EMIT_LOC_STRINGS = NO;
				SWIFT_UPCOMING_FEATURE_MEMBER_IMPORT_VISIBILITY = YES;
				SWIFT_VERSION = 5.0;
				TARGETED_DEVICE_FAMILY = "1,2";
				TEST_HOST = "$(BUILT_PRODUCTS_DIR)/Calenda Notes.app/$(BUNDLE_EXECUTABLE_FOLDER_PATH)/Calenda Notes";
			};
			name = Release;
		};
		A3DA6D252EDB9AF7005A587E /* Debug */ = {
			isa = XCBuildConfiguration;
			buildSettings = {
				CODE_SIGN_STYLE = Automatic;
				CURRENT_PROJECT_VERSION = 1;
				DEVELOPMENT_TEAM = X7BUD5GD8P;
				GENERATE_INFOPLIST_FILE = YES;
				MARKETING_VERSION = 1.0;
				PRODUCT_BUNDLE_IDENTIFIER = "ekodev.Calenda-NotesUITests";
				PRODUCT_NAME = "$(TARGET_NAME)";
				STRING_CATALOG_GENERATE_SYMBOLS = NO;
				SWIFT_APPROACHABLE_CONCURRENCY = YES;
				SWIFT_EMIT_LOC_STRINGS = NO;
				SWIFT_UPCOMING_FEATURE_MEMBER_IMPORT_VISIBILITY = YES;
				SWIFT_VERSION = 5.0;
				TARGETED_DEVICE_FAMILY = "1,2";
				TEST_TARGET_NAME = "Calenda Notes";
			};
			name = Debug;
		};
		A3DA6D262EDB9AF7005A587E /* Release */ = {
			isa = XCBuildConfiguration;
			buildSettings = {
				CODE_SIGN_STYLE = Automatic;
				CURRENT_PROJECT_VERSION = 1;
				DEVELOPMENT_TEAM = X7BUD5GD8P;
				GENERATE_INFOPLIST_FILE = YES;
				MARKETING_VERSION = 1.0;
				PRODUCT_BUNDLE_IDENTIFIER = "ekodev.Calenda-NotesUITests";
				PRODUCT_NAME = "$(TARGET_NAME)";
				STRING_CATALOG_GENERATE_SYMBOLS = NO;
				SWIFT_APPROACHABLE_CONCURRENCY = YES;
				SWIFT_EMIT_LOC_STRINGS = NO;
				SWIFT_UPCOMING_FEATURE_MEMBER_IMPORT_VISIBILITY = YES;
				SWIFT_VERSION = 5.0;
				TARGETED_DEVICE_FAMILY = "1,2";
				TEST_TARGET_NAME = "Calenda Notes";
			};
			name = Release;
		};
/* End XCBuildConfiguration section */

/* Begin XCConfigurationList section */
		A3DA6CF62EDB9AF5005A587E /* Build configuration list for PBXProject "Calenda Notes" */ = {
			isa = XCConfigurationList;
			buildConfigurations = (
				A3DA6D1C2EDB9AF7005A587E /* Debug */,
				A3DA6D1D2EDB9AF7005A587E /* Release */,
			);
			defaultConfigurationIsVisible = 0;
			defaultConfigurationName = Release;
		};
		A3DA6D1E2EDB9AF7005A587E /* Build configuration list for PBXNativeTarget "Calenda Notes" */ = {
			isa = XCConfigurationList;
			buildConfigurations = (
				A3DA6D1F2EDB9AF7005A587E /* Debug */,
				A3DA6D202EDB9AF7005A587E /* Release */,
			);
			defaultConfigurationIsVisible = 0;
			defaultConfigurationName = Release;
		};
		A3DA6D212EDB9AF7005A587E /* Build configuration list for PBXNativeTarget "Calenda NotesTests" */ = {
			isa = XCConfigurationList;
			buildConfigurations = (
				A3DA6D222EDB9AF7005A587E /* Debug */,
				A3DA6D232EDB9AF7005A587E /* Release */,
			);
			defaultConfigurationIsVisible = 0;
			defaultConfigurationName = Release;
		};
		A3DA6D242EDB9AF7005A587E /* Build configuration list for PBXNativeTarget "Calenda NotesUITests" */ = {
			isa = XCConfigurationList;
			buildConfigurations = (
				A3DA6D252EDB9AF7005A587E /* Debug */,
				A3DA6D262EDB9AF7005A587E /* Release */,
			);
			defaultConfigurationIsVisible = 0;
			defaultConfigurationName = Release;
		};
/* End XCConfigurationList section */
	};
	rootObject = A3DA6CF32EDB9AF5005A587E /* Project object */;
}
